{
    "_readme": [
        "This file locks the dependencies of your project to a known state",
        "Read more about it at http://getcomposer.org/doc/01-basic-usage.md#composer-lock-the-lock-file",
        "This file is @generated automatically"
    ],
    "hash": "ea834947c367c894fb89b88aaf270a8a",
    "packages": [
        {
            "name": "alexweissman/fortress",
            "version": "dev-master",
            "source": {
                "type": "git",
                "url": "https://github.com/alexweissman/fortress.git",
                "reference": "26769c00c6bc927db17c5dcc220d7e15449cc9d6"
            },
            "dist": {
                "type": "zip",
                "url": "https://api.github.com/repos/alexweissman/fortress/zipball/26769c00c6bc927db17c5dcc220d7e15449cc9d6",
                "reference": "26769c00c6bc927db17c5dcc220d7e15449cc9d6",
                "shasum": ""
            },
            "require": {
                "ezyang/htmlpurifier": ">=4.6.0",
                "php": ">=5.4.0",
                "vlucas/valitron": "1.2.3"
            },
            "type": "library",
            "autoload": {
                "classmap": [
                    "fortress/"
                ]
            },
            "notification-url": "https://packagist.org/downloads/",
            "license": [
                "MIT"
            ],
            "authors": [
                {
                    "name": "Alexander Weissman",
                    "homepage": "http://alexanderweissman.com"
                }
            ],
            "description": "A PHP library for sanitizing, validating, and canonicalizing HTTP request data against a JSON Schema",
            "homepage": "https://github.com/alexweissman/fortress",
            "keywords": [
                "php sanitization",
                "php validation"
            ],
            "time": "2015-07-09 19:20:22"
        },
        {
            "name": "birke/rememberme",
            "version": "dev-master",
            "source": {
                "type": "git",
                "url": "https://github.com/gbirke/rememberme.git",
                "reference": "4e71b0d9c692db28ae78c7eea752c4599b87dc2c"
            },
            "dist": {
                "type": "zip",
                "url": "https://api.github.com/repos/gbirke/rememberme/zipball/4e71b0d9c692db28ae78c7eea752c4599b87dc2c",
                "reference": "4e71b0d9c692db28ae78c7eea752c4599b87dc2c",
                "shasum": ""
            },
            "require-dev": {
                "phpunit/phpunit": "4.*"
            },
            "type": "library",
            "autoload": {
                "psr-4": {
                    "Birke\\": "src/"
                }
            },
            "notification-url": "https://packagist.org/downloads/",
            "license": [
                "MIT"
            ],
            "authors": [
                {
                    "name": "Gabriel Birke",
                    "email": "gb@birke-software.de"
                }
            ],
            "description": "Secure \"Remember Me\" functionality",
            "homepage": "https://github.com/gbirke/rememberme",
            "keywords": [
                "cookie",
                "remember",
                "security"
            ],
            "time": "2015-07-22 18:26:14"
        },
        {
            "name": "ezyang/htmlpurifier",
            "version": "v4.7.0",
            "source": {
                "type": "git",
                "url": "https://github.com/ezyang/htmlpurifier.git",
                "reference": "ae1828d955112356f7677c465f94f7deb7d27a40"
            },
            "dist": {
                "type": "zip",
                "url": "https://api.github.com/repos/ezyang/htmlpurifier/zipball/ae1828d955112356f7677c465f94f7deb7d27a40",
                "reference": "ae1828d955112356f7677c465f94f7deb7d27a40",
                "shasum": ""
            },
            "require": {
                "php": ">=5.2"
            },
            "type": "library",
            "autoload": {
                "psr-0": {
                    "HTMLPurifier": "library/"
                },
                "files": [
                    "library/HTMLPurifier.composer.php"
                ]
            },
            "notification-url": "https://packagist.org/downloads/",
            "license": [
                "LGPL"
            ],
            "authors": [
                {
                    "name": "Edward Z. Yang",
                    "email": "admin@htmlpurifier.org",
                    "homepage": "http://ezyang.com"
                }
            ],
            "description": "Standards compliant HTML filter written in PHP",
            "homepage": "http://htmlpurifier.org/",
            "keywords": [
                "html"
            ],
            "time": "2015-08-05 01:03:42"
        },
        {
            "name": "nikic/php-parser",
            "version": "v1.4.0",
            "source": {
                "type": "git",
                "url": "https://github.com/nikic/PHP-Parser.git",
                "reference": "196f177cfefa0f1f7166c0a05d8255889be12418"
            },
            "dist": {
                "type": "zip",
                "url": "https://api.github.com/repos/nikic/PHP-Parser/zipball/196f177cfefa0f1f7166c0a05d8255889be12418",
                "reference": "196f177cfefa0f1f7166c0a05d8255889be12418",
                "shasum": ""
            },
            "require": {
                "ext-tokenizer": "*",
                "php": ">=5.3"
            },
            "type": "library",
            "extra": {
                "branch-alias": {
                    "dev-master": "1.4-dev"
                }
            },
            "autoload": {
                "files": [
                    "lib/bootstrap.php"
                ]
            },
            "notification-url": "https://packagist.org/downloads/",
            "license": [
                "BSD-3-Clause"
            ],
            "authors": [
                {
                    "name": "Nikita Popov"
                }
            ],
            "description": "A PHP parser written in PHP",
            "keywords": [
                "parser",
                "php"
            ],
            "time": "2015-07-14 17:31:05"
        },
        {
            "name": "phpmailer/phpmailer",
            "version": "v5.2.10",
            "source": {
                "type": "git",
                "url": "https://github.com/PHPMailer/PHPMailer.git",
                "reference": "07005ecbb80d11ec8c0f067bb37e8909cc7fcbb7"
            },
            "dist": {
                "type": "zip",
                "url": "https://api.github.com/repos/PHPMailer/PHPMailer/zipball/07005ecbb80d11ec8c0f067bb37e8909cc7fcbb7",
                "reference": "07005ecbb80d11ec8c0f067bb37e8909cc7fcbb7",
                "shasum": ""
            },
            "require": {
                "php": ">=5.0.0"
            },
            "require-dev": {
                "phpdocumentor/phpdocumentor": "*",
                "phpunit/phpunit": "4.3.*"
            },
            "type": "library",
            "autoload": {
                "classmap": [
                    "class.phpmailer.php",
                    "class.smtp.php",
                    "class.pop3.php",
                    "extras/EasyPeasyICS.php",
                    "extras/ntlm_sasl_client.php"
                ]
            },
            "notification-url": "https://packagist.org/downloads/",
            "license": [
                "LGPL-2.1"
            ],
            "authors": [
                {
                    "name": "Jim Jagielski",
                    "email": "jimjag@gmail.com"
                },
                {
                    "name": "Marcus Bointon",
                    "email": "phpmailer@synchromedia.co.uk"
                },
                {
                    "name": "Andy Prevost",
                    "email": "codeworxtech@users.sourceforge.net"
                },
                {
                    "name": "Brent R. Matzelle"
                }
            ],
            "description": "PHPMailer is a full-featured email creation and transfer class for PHP",
            "time": "2015-05-04 12:37:21"
        },
        {
            "name": "slim/slim",
            "version": "2.6.2",
            "source": {
                "type": "git",
                "url": "https://github.com/slimphp/Slim.git",
                "reference": "20a02782f76830b67ae56a5c08eb1f563c351a37"
            },
            "dist": {
                "type": "zip",
                "url": "https://api.github.com/repos/slimphp/Slim/zipball/20a02782f76830b67ae56a5c08eb1f563c351a37",
                "reference": "20a02782f76830b67ae56a5c08eb1f563c351a37",
                "shasum": ""
            },
            "require": {
                "php": ">=5.3.0"
            },
            "suggest": {
                "ext-mcrypt": "Required for HTTP cookie encryption"
            },
            "type": "library",
            "autoload": {
                "psr-0": {
                    "Slim": "."
                }
            },
            "notification-url": "https://packagist.org/downloads/",
            "license": [
                "MIT"
            ],
            "authors": [
                {
                    "name": "Josh Lockhart",
                    "email": "info@joshlockhart.com",
                    "homepage": "http://www.joshlockhart.com/"
                }
            ],
            "description": "Slim Framework, a PHP micro framework",
            "homepage": "http://github.com/codeguy/Slim",
            "keywords": [
                "microframework",
                "rest",
                "router"
            ],
            "time": "2015-03-08 18:41:17"
        },
        {
            "name": "slim/views",
            "version": "0.1.3",
            "source": {
                "type": "git",
                "url": "https://github.com/slimphp/Slim-Views.git",
                "reference": "8561c785e55a39df6cb6f95c3aba3281a60ed5b0"
            },
            "dist": {
                "type": "zip",
                "url": "https://api.github.com/repos/slimphp/Slim-Views/zipball/8561c785e55a39df6cb6f95c3aba3281a60ed5b0",
                "reference": "8561c785e55a39df6cb6f95c3aba3281a60ed5b0",
                "shasum": ""
            },
            "require": {
                "php": ">=5.3.0",
                "slim/slim": ">=2.4.0"
            },
            "suggest": {
                "smarty/smarty": "Smarty templating system",
                "twig/twig": "Twig templating system"
            },
            "type": "library",
            "autoload": {
                "psr-4": {
                    "Slim\\Views\\": "./"
                }
            },
            "notification-url": "https://packagist.org/downloads/",
            "license": [
                "MIT"
            ],
            "authors": [
                {
                    "name": "Josh Lockhart",
                    "email": "info@joshlockhart.com",
                    "homepage": "http://www.joshlockhart.com/"
                },
                {
                    "name": "Andrew Smith",
                    "email": "a.smith@silentworks.co.uk",
                    "homepage": "http://thoughts.silentworks.co.uk/"
                }
            ],
            "description": "Smarty and Twig View Parser package for the Slim Framework",
            "homepage": "http://github.com/codeguy/Slim-Views",
            "keywords": [
                "extensions",
                "slimphp",
                "templating"
            ],
            "time": "2014-12-09 23:48:51"
        },
        {
            "name": "twig/twig",
            "version": "v1.21.1",
            "source": {
                "type": "git",
                "url": "https://github.com/twigphp/Twig.git",
                "reference": "ca8d3aa90b6a01c82e07909fe815d6b443e75a23"
            },
            "dist": {
                "type": "zip",
                "url": "https://api.github.com/repos/twigphp/Twig/zipball/ca8d3aa90b6a01c82e07909fe815d6b443e75a23",
                "reference": "ca8d3aa90b6a01c82e07909fe815d6b443e75a23",
                "shasum": ""
            },
            "require": {
                "php": ">=5.2.7"
            },
            "require-dev": {
                "symfony/debug": "~2.7",
                "symfony/phpunit-bridge": "~2.7"
            },
            "type": "library",
            "extra": {
                "branch-alias": {
                    "dev-master": "1.21-dev"
                }
            },
            "autoload": {
                "psr-0": {
                    "Twig_": "lib/"
                }
            },
            "notification-url": "https://packagist.org/downloads/",
            "license": [
                "BSD-3-Clause"
            ],
            "authors": [
                {
                    "name": "Fabien Potencier",
                    "email": "fabien@symfony.com",
                    "homepage": "http://fabien.potencier.org",
                    "role": "Lead Developer"
                },
                {
                    "name": "Armin Ronacher",
                    "email": "armin.ronacher@active-4.com",
                    "role": "Project Founder"
                },
                {
                    "name": "Twig Team",
                    "homepage": "http://twig.sensiolabs.org/contributors",
                    "role": "Contributors"
                }
            ],
            "description": "Twig, the flexible, fast, and secure template language for PHP",
            "homepage": "http://twig.sensiolabs.org",
            "keywords": [
                "templating"
            ],
            "time": "2015-08-26 08:58:31"
        },
        {
            "name": "vlucas/valitron",
            "version": "v1.2.3",
            "source": {
                "type": "git",
                "url": "https://github.com/vlucas/valitron.git",
                "reference": "c7342e025a95b2e400153bc10b059b16018220fe"
            },
            "dist": {
                "type": "zip",
                "url": "https://api.github.com/repos/vlucas/valitron/zipball/c7342e025a95b2e400153bc10b059b16018220fe",
                "reference": "c7342e025a95b2e400153bc10b059b16018220fe",
                "shasum": ""
            },
            "require": {
                "php": ">=5.3.2"
            },
            "require-dev": {
                "phpunit/phpunit": "~4.0"
            },
            "type": "library",
            "autoload": {
                "psr-0": {
                    "Valitron": "src/"
                }
            },
            "notification-url": "https://packagist.org/downloads/",
            "license": [
                "BSD"
            ],
            "authors": [
                {
                    "name": "Vance Lucas",
                    "email": "vance@vancelucas.com",
                    "homepage": "http://www.vancelucas.com"
                }
            ],
            "description": "Simple, elegant, stand-alone validation library with NO dependencies",
            "homepage": "http://github.com/vlucas/valitron",
            "keywords": [
                "valid",
                "validation",
                "validator"
            ],
            "time": "2014-11-20 15:24:40"
        }
    ],
    "packages-dev": [],
    "aliases": [],
    "minimum-stability": "stable",
    "stability-flags": {
        "alexweissman/fortress": 20,
        "birke/rememberme": 20
    },
    "prefer-stable": false,
    "prefer-lowest": false,
    "platform": {
        "php": ">=5.4.0"
    },
    "platform-dev": []
}
